
Microsoft Visual Studio Solution File, Format Version 12.00
# Visual Studio Version 17
VisualStudioVersion = 17.9.34723.18
MinimumVisualStudioVersion = 10.0.40219.1
Project("{FAE04EC0-301F-11D3-BF4B-00C04F79EFBC}") = "UniTest", "UniTest\UniTest.csproj", "{8B145E47-BDE9-46E8-AE90-57232B97A1FD}"
EndProject
Project("{FAE04EC0-301F-11D3-BF4B-00C04F79EFBC}") = "UnitTestProject1", "UnitTestProject1\UnitTestProject1.csproj", "{9884D023-E809-4B57-9192-966848C2A511}"
EndProject
Project("{2150E333-8FDC-42A3-9474-1A3956D46DE8}") = "bank", "bank", "{7EFE1BCE-E9CB-4AA9-9A4C-1B7DB84EE268}"
EndProject
Project("{FAE04EC0-301F-11D3-BF4B-00C04F79EFBC}") = "Bank", "Bank\Bank.csproj", "{A08994A7-223C-4B8E-AA62-465047C6FE4B}"
EndProject
Project("{FAE04EC0-301F-11D3-BF4B-00C04F79EFBC}") = "UnitTestBank", "UnitTestBank\UnitTestBank.csproj", "{7955959F-B9C5-4785-854F-26CB4A7B3DA4}"
EndProject
Global
	GlobalSection(SolutionConfigurationPlatforms) = preSolution
		Debug|Any CPU = Debug|Any CPU
		Release|Any CPU = Release|Any CPU
	EndGlobalSection
	GlobalSection(ProjectConfigurationPlatforms) = postSolution
		{8B145E47-BDE9-46E8-AE90-57232B97A1FD}.Debug|Any CPU.ActiveCfg = Debug|Any CPU
		{8B145E47-BDE9-46E8-AE90-57232B97A1FD}.Debug|Any CPU.Build.0 = Debug|Any CPU
		{8B145E47-BDE9-46E8-AE90-57232B97A1FD}.Release|Any CPU.ActiveCfg = Release|Any CPU
		{8B145E47-BDE9-46E8-AE90-57232B97A1FD}.Release|Any CPU.Build.0 = Release|Any CPU
		{9884D023-E809-4B57-9192-966848C2A511}.Debug|Any CPU.ActiveCfg = Debug|Any CPU
		{9884D023-E809-4B57-9192-966848C2A511}.Debug|Any CPU.Build.0 = Debug|Any CPU
		{9884D023-E809-4B57-9192-966848C2A511}.Release|Any CPU.ActiveCfg = Release|Any CPU
		{9884D023-E809-4B57-9192-966848C2A511}.Release|Any CPU.Build.0 = Release|Any CPU
		{A08994A7-223C-4B8E-AA62-465047C6FE4B}.Debug|Any CPU.ActiveCfg = Debug|Any CPU
		{A08994A7-223C-4B8E-AA62-465047C6FE4B}.Debug|Any CPU.Build.0 = Debug|Any CPU
		{A08994A7-223C-4B8E-AA62-465047C6FE4B}.Release|Any CPU.ActiveCfg = Release|Any CPU
		{A08994A7-223C-4B8E-AA62-465047C6FE4B}.Release|Any CPU.Build.0 = Release|Any CPU
		{7955959F-B9C5-4785-854F-26CB4A7B3DA4}.Debug|Any CPU.ActiveCfg = Debug|Any CPU
		{7955959F-B9C5-4785-854F-26CB4A7B3DA4}.Debug|Any CPU.Build.0 = Debug|Any CPU
		{7955959F-B9C5-4785-854F-26CB4A7B3DA4}.Release|Any CPU.ActiveCfg = Release|Any CPU
		{7955959F-B9C5-4785-854F-26CB4A7B3DA4}.Release|Any CPU.Build.0 = Release|Any CPU
	EndGlobalSection
	GlobalSection(SolutionProperties) = preSolution
		HideSolutionNode = FALSE
	EndGlobalSection
	GlobalSection(NestedProjects) = preSolution
		{A08994A7-223C-4B8E-AA62-465047C6FE4B} = {7EFE1BCE-E9CB-4AA9-9A4C-1B7DB84EE268}
		{7955959F-B9C5-4785-854F-26CB4A7B3DA4} = {7EFE1BCE-E9CB-4AA9-9A4C-1B7DB84EE268}
	EndGlobalSection
	GlobalSection(ExtensibilityGlobals) = postSolution
		SolutionGuid = {240F51D3-23B8-473D-BE2D-75AEA03BA5AA}
	EndGlobalSection
EndGlobal
